
Microsoft Visual Studio Solution File, Format Version 12.00
# Visual Studio Version 16
VisualStudioVersion = 16.0.31112.23
MinimumVisualStudioVersion = 10.0.40219.1
Project("{FAE04EC0-301F-11D3-BF4B-00C04F79EFBC}") = "Problem2webDriver", "Problem2webDriver\Problem2webDriver.csproj", "{DEE45584-EE8A-4AE6-BCDD-8CD6F03CAC82}"
EndProject
Global
	GlobalSection(SolutionConfigurationPlatforms) = preSolution
		Debug|Any CPU = Debug|Any CPU
		Release|Any CPU = Release|Any CPU
	EndGlobalSection
	GlobalSection(ProjectConfigurationPlatforms) = postSolution
		{DEE45584-EE8A-4AE6-BCDD-8CD6F03CAC82}.Debug|Any CPU.ActiveCfg = Debug|Any CPU
		{DEE45584-EE8A-4AE6-BCDD-8CD6F03CAC82}.Debug|Any CPU.Build.0 = Debug|Any CPU
		{DEE45584-EE8A-4AE6-BCDD-8CD6F03CAC82}.Release|Any CPU.ActiveCfg = Release|Any CPU
		{DEE45584-EE8A-4AE6-BCDD-8CD6F03CAC82}.Release|Any CPU.Build.0 = Release|Any CPU
	EndGlobalSection
	GlobalSection(SolutionProperties) = preSolution
		HideSolutionNode = FALSE
	EndGlobalSection
	GlobalSection(ExtensibilityGlobals) = postSolution
		SolutionGuid = {0132AD59-A641-414E-890E-7B610FB3E402}
	EndGlobalSection
EndGlobal
